
Microsoft Visual Studio Solution File, Format Version 12.00
# Visual Studio Version 17
VisualStudioVersion = 17.3.32901.215
MinimumVisualStudioVersion = 10.0.40219.1
Project("{FAE04EC0-301F-11D3-BF4B-00C04F79EFBC}") = "DeRole.Api.Domain", "DeRole.Domain\DeRole.Api.Domain.csproj", "{2AD179BB-64E5-4B1F-86D7-56C3595A71FD}"
EndProject
Project("{FAE04EC0-301F-11D3-BF4B-00C04F79EFBC}") = "DeRole.Api.Data", "DeRole.Api.Data\DeRole.Api.Data.csproj", "{F2C68AD3-531C-4F1F-8B19-7F537A66773B}"
EndProject
Project("{FAE04EC0-301F-11D3-BF4B-00C04F79EFBC}") = "DeRole.Api.Service", "DeRole.Api.Application\DeRole.Api.Service.csproj", "{6BD06A22-C552-41E5-A9AC-F5E3D2D5768C}"
EndProject
Project("{FAE04EC0-301F-11D3-BF4B-00C04F79EFBC}") = "DeRole.Api.DependencyInjection", "DeRole.Api.DependencyInjection\DeRole.Api.DependencyInjection.csproj", "{095A919F-C8FC-48B7-9DE0-A998764E6633}"
EndProject
Project("{FAE04EC0-301F-11D3-BF4B-00C04F79EFBC}") = "DeRole.Api", "DeRole.Api\DeRole.Api.csproj", "{3929535B-3211-4702-9D56-4E04F2737AB2}"
EndProject
Global
	GlobalSection(SolutionConfigurationPlatforms) = preSolution
		Debug|Any CPU = Debug|Any CPU
		Release|Any CPU = Release|Any CPU
	EndGlobalSection
	GlobalSection(ProjectConfigurationPlatforms) = postSolution
		{2AD179BB-64E5-4B1F-86D7-56C3595A71FD}.Debug|Any CPU.ActiveCfg = Debug|Any CPU
		{2AD179BB-64E5-4B1F-86D7-56C3595A71FD}.Debug|Any CPU.Build.0 = Debug|Any CPU
		{2AD179BB-64E5-4B1F-86D7-56C3595A71FD}.Release|Any CPU.ActiveCfg = Release|Any CPU
		{2AD179BB-64E5-4B1F-86D7-56C3595A71FD}.Release|Any CPU.Build.0 = Release|Any CPU
		{F2C68AD3-531C-4F1F-8B19-7F537A66773B}.Debug|Any CPU.ActiveCfg = Debug|Any CPU
		{F2C68AD3-531C-4F1F-8B19-7F537A66773B}.Debug|Any CPU.Build.0 = Debug|Any CPU
		{F2C68AD3-531C-4F1F-8B19-7F537A66773B}.Release|Any CPU.ActiveCfg = Release|Any CPU
		{F2C68AD3-531C-4F1F-8B19-7F537A66773B}.Release|Any CPU.Build.0 = Release|Any CPU
		{6BD06A22-C552-41E5-A9AC-F5E3D2D5768C}.Debug|Any CPU.ActiveCfg = Debug|Any CPU
		{6BD06A22-C552-41E5-A9AC-F5E3D2D5768C}.Debug|Any CPU.Build.0 = Debug|Any CPU
		{6BD06A22-C552-41E5-A9AC-F5E3D2D5768C}.Release|Any CPU.ActiveCfg = Release|Any CPU
		{6BD06A22-C552-41E5-A9AC-F5E3D2D5768C}.Release|Any CPU.Build.0 = Release|Any CPU
		{095A919F-C8FC-48B7-9DE0-A998764E6633}.Debug|Any CPU.ActiveCfg = Debug|Any CPU
		{095A919F-C8FC-48B7-9DE0-A998764E6633}.Debug|Any CPU.Build.0 = Debug|Any CPU
		{095A919F-C8FC-48B7-9DE0-A998764E6633}.Release|Any CPU.ActiveCfg = Release|Any CPU
		{095A919F-C8FC-48B7-9DE0-A998764E6633}.Release|Any CPU.Build.0 = Release|Any CPU
		{3929535B-3211-4702-9D56-4E04F2737AB2}.Debug|Any CPU.ActiveCfg = Debug|Any CPU
		{3929535B-3211-4702-9D56-4E04F2737AB2}.Debug|Any CPU.Build.0 = Debug|Any CPU
		{3929535B-3211-4702-9D56-4E04F2737AB2}.Release|Any CPU.ActiveCfg = Release|Any CPU
		{3929535B-3211-4702-9D56-4E04F2737AB2}.Release|Any CPU.Build.0 = Release|Any CPU
	EndGlobalSection
	GlobalSection(SolutionProperties) = preSolution
		HideSolutionNode = FALSE
	EndGlobalSection
	GlobalSection(ExtensibilityGlobals) = postSolution
		SolutionGuid = {04AD63D8-AB08-4B53-91CD-30D28E6CD697}
	EndGlobalSection
EndGlobal
